<?xml version="1.0" encoding="utf-8"?>
<Project ToolsVersion="14.0" xmlns="http://schemas.microsoft.com/developer/msbuild/2003">
  <ItemGroup>
    <Filter Include="Resource Files">
      <UniqueIdentifier>{67DA6AB6-F800-4c08-8B7A-83BB121AAD01}</UniqueIdentifier>
      <Extensions>rc;ico;cur;bmp;dlg;rc2;rct;bin;rgs;gif;jpg;jpeg;jpe;resx;tga;tiff;tif;png;wav;mfcribbon-ms</Extensions>
    </Filter>
    <Filter Include="APU">
      <UniqueIdentifier>{c37a3b77-f814-40b0-b851-f701a4269ebd}</UniqueIdentifier>
    </Filter>
    <Filter Include="APU\DSP">
      <UniqueIdentifier>{a7e3b38b-718e-47d4-acbe-5a12ee4bfb88}</UniqueIdentifier>
    </Filter>
    <Filter Include="APU\SMP">
      <UniqueIdentifier>{a73805aa-0b7a-4bb5-bbaf-044bca76d9e1}</UniqueIdentifier>
    </Filter>
    <Filter Include="Core">
      <UniqueIdentifier>{fd235105-ce9e-4d60-bc7e-8f2f443cdf59}</UniqueIdentifier>
    </Filter>
  </ItemGroup>
  <ItemGroup>
    <ClInclude Include="..\..\apu\apu.h">
      <Filter>APU</Filter>
    </ClInclude>
    <ClInclude Include="..\..\apu\hermite_resampler.h">
      <Filter>APU</Filter>
    </ClInclude>
    <ClInclude Include="..\..\apu\resampler.h">
      <Filter>APU</Filter>
    </ClInclude>
    <ClInclude Include="..\..\apu\ring_buffer.h">
      <Filter>APU</Filter>
    </ClInclude>
    <ClInclude Include="..\..\apu\bapu\dsp\blargg_common.h">
      <Filter>APU\DSP</Filter>
    </ClInclude>
    <ClInclude Include="..\..\apu\bapu\dsp\blargg_config.h">
      <Filter>APU\DSP</Filter>
    </ClInclude>
    <ClInclude Include="..\..\apu\bapu\dsp\blargg_endian.h">
      <Filter>APU\DSP</Filter>
    </ClInclude>
    <ClInclude Include="..\..\apu\bapu\dsp\blargg_source.h">
      <Filter>APU\DSP</Filter>
    </ClInclude>
    <ClInclude Include="..\..\apu\bapu\dsp\sdsp.hpp">
      <Filter>APU\DSP</Filter>
    </ClInclude>
    <ClInclude Include="..\..\apu\bapu\dsp\SPC_DSP.h">
      <Filter>APU\DSP</Filter>
    </ClInclude>
    <ClInclude Include="..\..\65c816.h">
      <Filter>Core</Filter>
    </ClInclude>
    <ClInclude Include="..\..\bsx.h">
      <Filter>Core</Filter>
    </ClInclude>
    <ClInclude Include="..\..\c4.h">
      <Filter>Core</Filter>
    </ClInclude>
    <ClInclude Include="..\..\cheats.h">
      <Filter>Core</Filter>
    </ClInclude>
    <ClInclude Include="..\..\conffile.h">
      <Filter>Core</Filter>
    </ClInclude>
    <ClInclude Include="..\..\controls.h">
      <Filter>Core</Filter>
    </ClInclude>
    <ClInclude Include="..\..\cpuaddr.h">
      <Filter>Core</Filter>
    </ClInclude>
    <ClInclude Include="..\..\cpuexec.h">
      <Filter>Core</Filter>
    </ClInclude>
    <ClInclude Include="..\..\cpumacro.h">
      <Filter>Core</Filter>
    </ClInclude>
    <ClInclude Include="..\..\cpuops.h">
      <Filter>Core</Filter>
    </ClInclude>
    <ClInclude Include="..\..\crosshairs.h">
      <Filter>Core</Filter>
    </ClInclude>
    <ClInclude Include="..\..\debug.h">
      <Filter>Core</Filter>
    </ClInclude>
    <ClInclude Include="..\..\display.h">
      <Filter>Core</Filter>
    </ClInclude>
    <ClInclude Include="..\..\dma.h">
      <Filter>Core</Filter>
    </ClInclude>
    <ClInclude Include="..\..\dsp.h">
      <Filter>Core</Filter>
    </ClInclude>
    <ClInclude Include="..\..\font.h">
      <Filter>Core</Filter>
    </ClInclude>
    <ClInclude Include="..\..\fxemu.h">
      <Filter>Core</Filter>
    </ClInclude>
    <ClInclude Include="..\..\fxinst.h">
      <Filter>Core</Filter>
    </ClInclude>
    <ClInclude Include="..\..\getset.h">
      <Filter>Core</Filter>
    </ClInclude>
    <ClInclude Include="..\..\gfx.h">
      <Filter>Core</Filter>
    </ClInclude>
    <ClInclude Include="..\..\language.h">
      <Filter>Core</Filter>
    </ClInclude>
    <ClInclude Include="..\..\logger.h">
      <Filter>Core</Filter>
    </ClInclude>
    <ClInclude Include="..\..\memmap.h">
      <Filter>Core</Filter>
    </ClInclude>
    <ClInclude Include="..\..\messages.h">
      <Filter>Core</Filter>
    </ClInclude>
    <ClInclude Include="..\..\missing.h">
      <Filter>Core</Filter>
    </ClInclude>
    <ClInclude Include="..\..\movie.h">
      <Filter>Core</Filter>
    </ClInclude>
    <ClInclude Include="..\..\netplay.h">
      <Filter>Core</Filter>
    </ClInclude>
    <ClInclude Include="..\..\obc1.h">
      <Filter>Core</Filter>
    </ClInclude>
    <ClInclude Include="..\..\pixform.h">
      <Filter>Core</Filter>
    </ClInclude>
    <ClInclude Include="..\..\port.h">
      <Filter>Core</Filter>
    </ClInclude>
    <ClInclude Include="..\..\ppu.h">
      <Filter>Core</Filter>
    </ClInclude>
    <ClInclude Include="..\..\sa1.h">
      <Filter>Core</Filter>
    </ClInclude>
    <ClInclude Include="..\..\sar.h">
      <Filter>Core</Filter>
    </ClInclude>
    <ClInclude Include="..\..\screenshot.h">
      <Filter>Core</Filter>
    </ClInclude>
    <ClInclude Include="..\..\sdd1.h">
      <Filter>Core</Filter>
    </ClInclude>
    <ClInclude Include="..\..\sdd1emu.h">
      <Filter>Core</Filter>
    </ClInclude>
    <ClInclude Include="..\..\seta.h">
      <Filter>Core</Filter>
    </ClInclude>
    <ClInclude Include="..\..\snapshot.h">
      <Filter>Core</Filter>
    </ClInclude>
    <ClInclude Include="..\..\snes9x.h">
      <Filter>Core</Filter>
    </ClInclude>
    <ClInclude Include="..\..\spc7110.h">
      <Filter>Core</Filter>
    </ClInclude>
    <ClInclude Include="..\..\srtc.h">
      <Filter>Core</Filter>
    </ClInclude>
    <ClInclude Include="..\..\statemanager.h">
      <Filter>Core</Filter>
    </ClInclude>
    <ClInclude Include="..\..\stream.h">
      <Filter>Core</Filter>
    </ClInclude>
    <ClInclude Include="..\..\tile.h">
      <Filter>Core</Filter>
    </ClInclude>
  </ItemGroup>
  <ItemGroup>
    <ClCompile Include="..\..\apu\apu.cpp">
      <Filter>APU</Filter>
    </ClCompile>
    <ClCompile Include="..\..\apu\bapu\dsp\sdsp.cpp">
      <Filter>APU\DSP</Filter>
    </ClCompile>
    <ClCompile Include="..\..\apu\bapu\dsp\SPC_DSP.cpp">
      <Filter>APU\DSP</Filter>
    </ClCompile>
    <ClCompile Include="..\..\apu\bapu\smp\smp.cpp">
      <Filter>APU\SMP</Filter>
    </ClCompile>
    <ClCompile Include="..\..\apu\bapu\smp\smp_state.cpp">
      <Filter>APU\SMP</Filter>
    </ClCompile>
    <ClCompile Include="..\..\bsx.cpp">
      <Filter>Core</Filter>
    </ClCompile>
    <ClCompile Include="..\..\c4.cpp">
      <Filter>Core</Filter>
    </ClCompile>
    <ClCompile Include="..\..\c4emu.cpp">
      <Filter>Core</Filter>
    </ClCompile>
    <ClCompile Include="..\..\cheats.cpp">
      <Filter>Core</Filter>
    </ClCompile>
    <ClCompile Include="..\..\cheats2.cpp">
      <Filter>Core</Filter>
    </ClCompile>
    <ClCompile Include="..\..\clip.cpp">
      <Filter>Core</Filter>
    </ClCompile>
    <ClCompile Include="..\..\conffile.cpp">
      <Filter>Core</Filter>
    </ClCompile>
    <ClCompile Include="..\..\controls.cpp">
      <Filter>Core</Filter>
    </ClCompile>
    <ClCompile Include="..\..\cpu.cpp">
      <Filter>Core</Filter>
    </ClCompile>
    <ClCompile Include="..\..\cpuexec.cpp">
      <Filter>Core</Filter>
    </ClCompile>
    <ClCompile Include="..\..\cpuops.cpp">
      <Filter>Core</Filter>
    </ClCompile>
    <ClCompile Include="..\..\crosshairs.cpp">
      <Filter>Core</Filter>
    </ClCompile>
    <ClCompile Include="..\..\debug.cpp">
      <Filter>Core</Filter>
    </ClCompile>
    <ClCompile Include="..\..\dma.cpp">
      <Filter>Core</Filter>
    </ClCompile>
    <ClCompile Include="..\..\dsp.cpp">
      <Filter>Core</Filter>
    </ClCompile>
    <ClCompile Include="..\..\dsp1.cpp">
      <Filter>Core</Filter>
    </ClCompile>
    <ClCompile Include="..\..\dsp2.cpp">
      <Filter>Core</Filter>
    </ClCompile>
    <ClCompile Include="..\..\dsp3.cpp">
      <Filter>Core</Filter>
    </ClCompile>
    <ClCompile Include="..\..\dsp4.cpp">
      <Filter>Core</Filter>
    </ClCompile>
    <ClCompile Include="..\..\fxemu.cpp">
      <Filter>Core</Filter>
    </ClCompile>
    <ClCompile Include="..\..\fxinst.cpp">
      <Filter>Core</Filter>
    </ClCompile>
    <ClCompile Include="..\..\gfx.cpp">
      <Filter>Core</Filter>
    </ClCompile>
    <ClCompile Include="..\..\globals.cpp">
      <Filter>Core</Filter>
    </ClCompile>
    <ClCompile Include="..\..\loadzip.cpp">
      <Filter>Core</Filter>
    </ClCompile>
    <ClCompile Include="..\..\logger.cpp">
      <Filter>Core</Filter>
    </ClCompile>
    <ClCompile Include="..\..\memmap.cpp">
      <Filter>Core</Filter>
    </ClCompile>
    <ClCompile Include="..\..\movie.cpp">
      <Filter>Core</Filter>
    </ClCompile>
    <ClCompile Include="..\..\netplay.cpp">
      <Filter>Core</Filter>
    </ClCompile>
    <ClCompile Include="..\..\obc1.cpp">
      <Filter>Core</Filter>
    </ClCompile>
    <ClCompile Include="..\..\ppu.cpp">
      <Filter>Core</Filter>
    </ClCompile>
    <ClCompile Include="..\..\sa1.cpp">
      <Filter>Core</Filter>
    </ClCompile>
    <ClCompile Include="..\..\sa1cpu.cpp">
      <Filter>Core</Filter>
    </ClCompile>
    <ClCompile Include="..\..\screenshot.cpp">
      <Filter>Core</Filter>
    </ClCompile>
    <ClCompile Include="..\..\sdd1.cpp">
      <Filter>Core</Filter>
    </ClCompile>
    <ClCompile Include="..\..\sdd1emu.cpp">
      <Filter>Core</Filter>
    </ClCompile>
    <ClCompile Include="..\..\server.cpp">
      <Filter>Core</Filter>
    </ClCompile>
    <ClCompile Include="..\..\seta.cpp">
      <Filter>Core</Filter>
    </ClCompile>
    <ClCompile Include="..\..\seta010.cpp">
      <Filter>Core</Filter>
    </ClCompile>
    <ClCompile Include="..\..\seta011.cpp">
      <Filter>Core</Filter>
    </ClCompile>
    <ClCompile Include="..\..\seta018.cpp">
      <Filter>Core</Filter>
    </ClCompile>
    <ClCompile Include="..\..\snapshot.cpp">
      <Filter>Core</Filter>
    </ClCompile>
    <ClCompile Include="..\..\snes9x.cpp">
      <Filter>Core</Filter>
    </ClCompile>
    <ClCompile Include="..\..\spc7110.cpp">
      <Filter>Core</Filter>
    </ClCompile>
    <ClCompile Include="..\..\srtc.cpp">
      <Filter>Core</Filter>
    </ClCompile>
    <ClCompile Include="..\..\statemanager.cpp">
      <Filter>Core</Filter>
    </ClCompile>
    <ClCompile Include="..\..\stream.cpp">
      <Filter>Core</Filter>
    </ClCompile>
    <ClCompile Include="..\..\tile.cpp">
      <Filter>Core</Filter>
    </ClCompile>
  </ItemGroup>
  <ItemGroup>
    <None Include="packages.config" />
  </ItemGroup>
</Project>