<?xml version="1.0" encoding="utf-8"?>
<Project ToolsVersion="14.0" xmlns="http://schemas.microsoft.com/developer/msbuild/2003">
  <ItemGroup>
    <Filter Include="Common">
      <UniqueIdentifier>c5a46038-e864-48d4-adca-f8761bb06d09</UniqueIdentifier>
    </Filter>
    <Filter Include="Assets">
      <UniqueIdentifier>c2a821d0-3d2a-41a9-9f8e-3336f69058cc</UniqueIdentifier>
      <Extensions>bmp;fbx;gif;jpg;jpeg;tga;tiff;tif;png</Extensions>
    </Filter>
  </ItemGroup>
  <ItemGroup>
    <ApplicationDefinition Include="App.xaml" />
  </ItemGroup>
  <ItemGroup>
    <ClCompile Include="App.xaml.cpp" />
    <ClCompile Include="MainPage.xaml.cpp" />
    <ClCompile Include="pch.cpp" />
    <ClCompile Include="EmuCore.cpp" />
    <ClCompile Include="snes9x.cpp" />
    <ClCompile Include="..\..\win32\CXAudio2.cpp" />
  </ItemGroup>
  <ItemGroup>
    <ClInclude Include="pch.h" />
    <ClInclude Include="App.xaml.h" />
    <ClInclude Include="MainPage.xaml.h" />
    <ClInclude Include="EmuCore.h" />
    <ClInclude Include="..\..\win32\CXAudio2.h" />
  </ItemGroup>
  <ItemGroup>
    <Image Include="Assets\LockScreenLogo.scale-200.png">
      <Filter>Assets</Filter>
    </Image>
    <Image Include="Assets\SplashScreen.scale-200.png">
      <Filter>Assets</Filter>
    </Image>
    <Image Include="Assets\Square150x150Logo.scale-200.png">
      <Filter>Assets</Filter>
    </Image>
    <Image Include="Assets\Square44x44Logo.scale-200.png">
      <Filter>Assets</Filter>
    </Image>
    <Image Include="Assets\Square44x44Logo.targetsize-24_altform-unplated.png">
      <Filter>Assets</Filter>
    </Image>
    <Image Include="Assets\StoreLogo.png">
      <Filter>Assets</Filter>
    </Image>
    <Image Include="Assets\Wide310x150Logo.scale-200.png">
      <Filter>Assets</Filter>
    </Image>
  </ItemGroup>
  <ItemGroup>
    <AppxManifest Include="Package.appxmanifest" />
  </ItemGroup>
  <ItemGroup>
    <None Include="snes9x-uwp_TemporaryKey.pfx" />
    <None Include="..\..\..\..\..\Downloads\kart.sfc" />
    <None Include="..\..\..\..\..\Downloads\sm.sfc" />
    <None Include="..\..\..\..\..\Downloads\zelda.sfc" />
    <None Include="..\..\..\..\..\Documents\Visual Studio 2015\Projects\ShaderTest\Shaders\hq4x.data" />
    <None Include="..\..\..\..\..\Documents\Visual Studio 2015\Projects\ShaderTest\Shaders\Shader.bin" />
    <None Include="packages.config" />
    <None Include="..\..\..\..\..\Desktop\smw.sfc" />
  </ItemGroup>
  <ItemGroup>
    <Page Include="MainPage.xaml" />
  </ItemGroup>
</Project>