<?xml version="1.0" encoding="utf-8"?>
<Project ToolsVersion="14.0" xmlns="http://schemas.microsoft.com/developer/msbuild/2003">
  <ItemGroup>
    <Filter Include="Resources">
      <UniqueIdentifier>e2b73c9a-3a95-474a-b83a-4f92794e6226</UniqueIdentifier>
      <Extensions>rc;ico;cur;bmp;dlg;rc2;rct;bin;rgs;gif;jpg;jpeg;jpe;resx;tga;tiff;tif;png;wav;mfcribbon-ms</Extensions>
    </Filter>
  </ItemGroup>
  <ItemGroup>
    <ClCompile Include="pch.cpp" />
    <ClCompile Include="Emulator.cpp" />
    <ClCompile Include="Settings.cpp" />
    <ClCompile Include="CXAudio2.cpp" />
    <ClCompile Include="Snes9xImpl.cpp" />
    <ClCompile Include="Snes9xWrapper.cpp" />
    <ClCompile Include="Joypad.cpp" />
  </ItemGroup>
  <ItemGroup>
    <ClInclude Include="pch.h" />
    <ClInclude Include="Emulator.h" />
    <ClInclude Include="LibSnes9x.h" />
    <ClInclude Include="Settings.h" />
    <ClInclude Include="CXAudio2.h" />
    <ClInclude Include="StringUtil.h" />
    <ClInclude Include="Snes9xWrapper.h" />
    <ClInclude Include="Joypad.h" />
    <ClInclude Include="JoypadIds.h" />
  </ItemGroup>
  <ItemGroup>
    <None Include="packages.config" />
  </ItemGroup>
</Project>